
Microsoft Visual Studio Solution File, Format Version 12.00
Project("{2150E333-8FDC-42A3-9474-1A3956D46DE8}") = "1_App", "1_App", "{2B8650A0-7965-4B0C-B2B4-34533945ADCE}"
EndProject
Project("{2150E333-8FDC-42A3-9474-1A3956D46DE8}") = "2_Base", "2_Base", "{D6FD8B8F-42C7-4E52-8AFF-72F32FD4C123}"
EndProject
Project("{FAE04EC0-301F-11D3-BF4B-00C04F79EFBC}") = "Base.Domain", "Base.Domain\Base.Domain.csproj", "{0D916AB5-A8ED-458C-A040-8D7E2A5F0F7A}"
EndProject
Project("{FAE04EC0-301F-11D3-BF4B-00C04F79EFBC}") = "Base.Contracts.Domain", "Base.Contracts.Domain\Base.Contracts.Domain.csproj", "{BA77F1B7-0248-41F8-9321-AE33FDD23463}"
EndProject
Project("{FAE04EC0-301F-11D3-BF4B-00C04F79EFBC}") = "App.Domain", "App.Domain\App.Domain.csproj", "{A57FAF8A-8060-4776-8C8B-F1292758D0B8}"
EndProject
Project("{FAE04EC0-301F-11D3-BF4B-00C04F79EFBC}") = "App.DAL.EF", "App.DAL.EF\App.DAL.EF.csproj", "{B43B609C-243D-4088-B43B-12652E850601}"
EndProject
Project("{2150E333-8FDC-42A3-9474-1A3956D46DE8}") = "0_SolutionItems", "0_SolutionItems", "{2FBD2168-FFA2-413F-8C87-750ECDDD97EF}"
	ProjectSection(SolutionItems) = preProject
		docker-compose.yml = docker-compose.yml
		README.md = README.md
		Directory.Build.props = Directory.Build.props
		.gitignore = .gitignore
	EndProjectSection
EndProject
Project("{FAE04EC0-301F-11D3-BF4B-00C04F79EFBC}") = "WebApp", "WebApp\WebApp.csproj", "{5CE52C4C-5812-4CD7-8409-58C7DA834497}"
EndProject
Project("{FAE04EC0-301F-11D3-BF4B-00C04F79EFBC}") = "Base.Contracts.DAL", "Base.Contracts.DAL\Base.Contracts.DAL.csproj", "{D421090E-88F8-40EA-B302-D567129340CD}"
EndProject
Project("{FAE04EC0-301F-11D3-BF4B-00C04F79EFBC}") = "Base.DAL.EF", "Base.DAL.EF\Base.DAL.EF.csproj", "{7E1CF924-D579-47DA-87B3-8CEC9060CFD1}"
EndProject
Project("{FAE04EC0-301F-11D3-BF4B-00C04F79EFBC}") = "Helpers", "Helpers\Helpers.csproj", "{B4FCA2DB-6D71-4A90-B1EF-D87FFE0F74AD}"
EndProject
Project("{FAE04EC0-301F-11D3-BF4B-00C04F79EFBC}") = "App.DTO", "App.DTO\App.DTO.csproj", "{B9B9F209-E6B1-4B79-BC9D-574C3A053B79}"
EndProject
Global
	GlobalSection(SolutionConfigurationPlatforms) = preSolution
		Debug|Any CPU = Debug|Any CPU
		Release|Any CPU = Release|Any CPU
	EndGlobalSection
	GlobalSection(NestedProjects) = preSolution
		{0D916AB5-A8ED-458C-A040-8D7E2A5F0F7A} = {D6FD8B8F-42C7-4E52-8AFF-72F32FD4C123}
		{BA77F1B7-0248-41F8-9321-AE33FDD23463} = {D6FD8B8F-42C7-4E52-8AFF-72F32FD4C123}
		{A57FAF8A-8060-4776-8C8B-F1292758D0B8} = {2B8650A0-7965-4B0C-B2B4-34533945ADCE}
		{B43B609C-243D-4088-B43B-12652E850601} = {2B8650A0-7965-4B0C-B2B4-34533945ADCE}
		{5CE52C4C-5812-4CD7-8409-58C7DA834497} = {2B8650A0-7965-4B0C-B2B4-34533945ADCE}
		{D421090E-88F8-40EA-B302-D567129340CD} = {D6FD8B8F-42C7-4E52-8AFF-72F32FD4C123}
		{7E1CF924-D579-47DA-87B3-8CEC9060CFD1} = {D6FD8B8F-42C7-4E52-8AFF-72F32FD4C123}
		{B4FCA2DB-6D71-4A90-B1EF-D87FFE0F74AD} = {D6FD8B8F-42C7-4E52-8AFF-72F32FD4C123}
		{B9B9F209-E6B1-4B79-BC9D-574C3A053B79} = {2B8650A0-7965-4B0C-B2B4-34533945ADCE}
	EndGlobalSection
	GlobalSection(ProjectConfigurationPlatforms) = postSolution
		{0D916AB5-A8ED-458C-A040-8D7E2A5F0F7A}.Debug|Any CPU.ActiveCfg = Debug|Any CPU
		{0D916AB5-A8ED-458C-A040-8D7E2A5F0F7A}.Debug|Any CPU.Build.0 = Debug|Any CPU
		{0D916AB5-A8ED-458C-A040-8D7E2A5F0F7A}.Release|Any CPU.ActiveCfg = Release|Any CPU
		{0D916AB5-A8ED-458C-A040-8D7E2A5F0F7A}.Release|Any CPU.Build.0 = Release|Any CPU
		{BA77F1B7-0248-41F8-9321-AE33FDD23463}.Debug|Any CPU.ActiveCfg = Debug|Any CPU
		{BA77F1B7-0248-41F8-9321-AE33FDD23463}.Debug|Any CPU.Build.0 = Debug|Any CPU
		{BA77F1B7-0248-41F8-9321-AE33FDD23463}.Release|Any CPU.ActiveCfg = Release|Any CPU
		{BA77F1B7-0248-41F8-9321-AE33FDD23463}.Release|Any CPU.Build.0 = Release|Any CPU
		{A57FAF8A-8060-4776-8C8B-F1292758D0B8}.Debug|Any CPU.ActiveCfg = Debug|Any CPU
		{A57FAF8A-8060-4776-8C8B-F1292758D0B8}.Debug|Any CPU.Build.0 = Debug|Any CPU
		{A57FAF8A-8060-4776-8C8B-F1292758D0B8}.Release|Any CPU.ActiveCfg = Release|Any CPU
		{A57FAF8A-8060-4776-8C8B-F1292758D0B8}.Release|Any CPU.Build.0 = Release|Any CPU
		{B43B609C-243D-4088-B43B-12652E850601}.Debug|Any CPU.ActiveCfg = Debug|Any CPU
		{B43B609C-243D-4088-B43B-12652E850601}.Debug|Any CPU.Build.0 = Debug|Any CPU
		{B43B609C-243D-4088-B43B-12652E850601}.Release|Any CPU.ActiveCfg = Release|Any CPU
		{B43B609C-243D-4088-B43B-12652E850601}.Release|Any CPU.Build.0 = Release|Any CPU
		{5CE52C4C-5812-4CD7-8409-58C7DA834497}.Debug|Any CPU.ActiveCfg = Debug|Any CPU
		{5CE52C4C-5812-4CD7-8409-58C7DA834497}.Debug|Any CPU.Build.0 = Debug|Any CPU
		{5CE52C4C-5812-4CD7-8409-58C7DA834497}.Release|Any CPU.ActiveCfg = Release|Any CPU
		{5CE52C4C-5812-4CD7-8409-58C7DA834497}.Release|Any CPU.Build.0 = Release|Any CPU
		{D421090E-88F8-40EA-B302-D567129340CD}.Debug|Any CPU.ActiveCfg = Debug|Any CPU
		{D421090E-88F8-40EA-B302-D567129340CD}.Debug|Any CPU.Build.0 = Debug|Any CPU
		{D421090E-88F8-40EA-B302-D567129340CD}.Release|Any CPU.ActiveCfg = Release|Any CPU
		{D421090E-88F8-40EA-B302-D567129340CD}.Release|Any CPU.Build.0 = Release|Any CPU
		{7E1CF924-D579-47DA-87B3-8CEC9060CFD1}.Debug|Any CPU.ActiveCfg = Debug|Any CPU
		{7E1CF924-D579-47DA-87B3-8CEC9060CFD1}.Debug|Any CPU.Build.0 = Debug|Any CPU
		{7E1CF924-D579-47DA-87B3-8CEC9060CFD1}.Release|Any CPU.ActiveCfg = Release|Any CPU
		{7E1CF924-D579-47DA-87B3-8CEC9060CFD1}.Release|Any CPU.Build.0 = Release|Any CPU
		{B4FCA2DB-6D71-4A90-B1EF-D87FFE0F74AD}.Debug|Any CPU.ActiveCfg = Debug|Any CPU
		{B4FCA2DB-6D71-4A90-B1EF-D87FFE0F74AD}.Debug|Any CPU.Build.0 = Debug|Any CPU
		{B4FCA2DB-6D71-4A90-B1EF-D87FFE0F74AD}.Release|Any CPU.ActiveCfg = Release|Any CPU
		{B4FCA2DB-6D71-4A90-B1EF-D87FFE0F74AD}.Release|Any CPU.Build.0 = Release|Any CPU
		{B9B9F209-E6B1-4B79-BC9D-574C3A053B79}.Debug|Any CPU.ActiveCfg = Debug|Any CPU
		{B9B9F209-E6B1-4B79-BC9D-574C3A053B79}.Debug|Any CPU.Build.0 = Debug|Any CPU
		{B9B9F209-E6B1-4B79-BC9D-574C3A053B79}.Release|Any CPU.ActiveCfg = Release|Any CPU
		{B9B9F209-E6B1-4B79-BC9D-574C3A053B79}.Release|Any CPU.Build.0 = Release|Any CPU
	EndGlobalSection
EndGlobal
